// !$*UTF8*$!
{
	archiveVersion = 1;
	classes = {
	};
	objectVersion = 51;
	objects = {

/* Begin PBXBuildFile section */
		19BD624325A843A0008556BE /* AppDelegate.swift in Sources */ = {isa = PBXBuildFile; fileRef = 19BD624225A843A0008556BE /* AppDelegate.swift */; };
		19BD624525A843A0008556BE /* SceneDelegate.swift in Sources */ = {isa = PBXBuildFile; fileRef = 19BD624425A843A0008556BE /* SceneDelegate.swift */; };
		19BD624725A843A0008556BE /* ExpenseListVC.swift in Sources */ = {isa = PBXBuildFile; fileRef = 19BD624625A843A0008556BE /* ExpenseListVC.swift */; };
		19BD624A25A843A0008556BE /* Main.storyboard in Resources */ = {isa = PBXBuildFile; fileRef = 19BD624825A843A0008556BE /* Main.storyboard */; };
		19BD624C25A843A6008556BE /* Assets.xcassets in Resources */ = {isa = PBXBuildFile; fileRef = 19BD624B25A843A6008556BE /* Assets.xcassets */; };
		19BD624F25A843A6008556BE /* LaunchScreen.storyboard in Resources */ = {isa = PBXBuildFile; fileRef = 19BD624D25A843A6008556BE /* LaunchScreen.storyboard */; };
		19BD625D25A84CFB008556BE /* RecordExpenseVC.swift in Sources */ = {isa = PBXBuildFile; fileRef = 19BD625C25A84CFB008556BE /* RecordExpenseVC.swift */; };
		19BD626D25A8558E008556BE /* FMDatabase.m in Sources */ = {isa = PBXBuildFile; fileRef = 19BD626325A8558B008556BE /* FMDatabase.m */; };
		19BD626E25A8558E008556BE /* FMDatabaseQueue.m in Sources */ = {isa = PBXBuildFile; fileRef = 19BD626425A8558B008556BE /* FMDatabaseQueue.m */; };
		19BD626F25A8558E008556BE /* FMDatabaseAdditions.m in Sources */ = {isa = PBXBuildFile; fileRef = 19BD626525A8558B008556BE /* FMDatabaseAdditions.m */; };
		19BD627025A8558E008556BE /* FMDatabasePool.m in Sources */ = {isa = PBXBuildFile; fileRef = 19BD626625A8558B008556BE /* FMDatabasePool.m */; };
		19BD627125A8558E008556BE /* FMResultSet.m in Sources */ = {isa = PBXBuildFile; fileRef = 19BD626C25A8558E008556BE /* FMResultSet.m */; };
		19BD627425A855A2008556BE /* DBManager.swift in Sources */ = {isa = PBXBuildFile; fileRef = 19BD627325A855A2008556BE /* DBManager.swift */; };
		19BD627925A85689008556BE /* ExpenseModel.swift in Sources */ = {isa = PBXBuildFile; fileRef = 19BD627825A85689008556BE /* ExpenseModel.swift */; };
		19BD628225A87C2E008556BE /* Constant.swift in Sources */ = {isa = PBXBuildFile; fileRef = 19BD628125A87C2E008556BE /* Constant.swift */; };
		6EDF35034E9A7CC2D60744D4 /* Pods_DailyExpense.framework in Frameworks */ = {isa = PBXBuildFile; fileRef = 7B967575ADBE546B887135EC /* Pods_DailyExpense.framework */; };
/* End PBXBuildFile section */

/* Begin PBXFileReference section */
		19BD623F25A843A0008556BE /* DailyExpense.app */ = {isa = PBXFileReference; explicitFileType = wrapper.application; includeInIndex = 0; path = DailyExpense.app; sourceTree = BUILT_PRODUCTS_DIR; };
		19BD624225A843A0008556BE /* AppDelegate.swift */ = {isa = PBXFileReference; lastKnownFileType = sourcecode.swift; path = AppDelegate.swift; sourceTree = "<group>"; };
		19BD624425A843A0008556BE /* SceneDelegate.swift */ = {isa = PBXFileReference; lastKnownFileType = sourcecode.swift; path = SceneDelegate.swift; sourceTree = "<group>"; };
		19BD624625A843A0008556BE /* ExpenseListVC.swift */ = {isa = PBXFileReference; lastKnownFileType = sourcecode.swift; path = ExpenseListVC.swift; sourceTree = "<group>"; };
		19BD624925A843A0008556BE /* Base */ = {isa = PBXFileReference; lastKnownFileType = file.storyboard; name = Base; path = Base.lproj/Main.storyboard; sourceTree = "<group>"; };
		19BD624B25A843A6008556BE /* Assets.xcassets */ = {isa = PBXFileReference; lastKnownFileType = folder.assetcatalog; path = Assets.xcassets; sourceTree = "<group>"; };
		19BD624E25A843A6008556BE /* Base */ = {isa = PBXFileReference; lastKnownFileType = file.storyboard; name = Base; path = Base.lproj/LaunchScreen.storyboard; sourceTree = "<group>"; };
		19BD625025A843A6008556BE /* Info.plist */ = {isa = PBXFileReference; lastKnownFileType = text.plist.xml; path = Info.plist; sourceTree = "<group>"; };
		19BD625C25A84CFB008556BE /* RecordExpenseVC.swift */ = {isa = PBXFileReference; lastKnownFileType = sourcecode.swift; path = RecordExpenseVC.swift; sourceTree = "<group>"; };
		19BD626025A85589008556BE /* DailyExpense-Bridging-Header.h */ = {isa = PBXFileReference; lastKnownFileType = sourcecode.c.h; path = "DailyExpense-Bridging-Header.h"; sourceTree = "<group>"; };
		19BD626125A8558A008556BE /* FMDatabasePool.h */ = {isa = PBXFileReference; fileEncoding = 4; lastKnownFileType = sourcecode.c.h; path = FMDatabasePool.h; sourceTree = "<group>"; };
		19BD626225A8558A008556BE /* FMDatabaseQueue.h */ = {isa = PBXFileReference; fileEncoding = 4; lastKnownFileType = sourcecode.c.h; path = FMDatabaseQueue.h; sourceTree = "<group>"; };
		19BD626325A8558B008556BE /* FMDatabase.m */ = {isa = PBXFileReference; fileEncoding = 4; lastKnownFileType = sourcecode.c.objc; path = FMDatabase.m; sourceTree = "<group>"; };
		19BD626425A8558B008556BE /* FMDatabaseQueue.m */ = {isa = PBXFileReference; fileEncoding = 4; lastKnownFileType = sourcecode.c.objc; path = FMDatabaseQueue.m; sourceTree = "<group>"; };
		19BD626525A8558B008556BE /* FMDatabaseAdditions.m */ = {isa = PBXFileReference; fileEncoding = 4; lastKnownFileType = sourcecode.c.objc; path = FMDatabaseAdditions.m; sourceTree = "<group>"; };
		19BD626625A8558B008556BE /* FMDatabasePool.m */ = {isa = PBXFileReference; fileEncoding = 4; lastKnownFileType = sourcecode.c.objc; path = FMDatabasePool.m; sourceTree = "<group>"; };
		19BD626725A8558C008556BE /* FMDatabaseAdditions.h */ = {isa = PBXFileReference; fileEncoding = 4; lastKnownFileType = sourcecode.c.h; path = FMDatabaseAdditions.h; sourceTree = "<group>"; };
		19BD626925A8558C008556BE /* FMDatabase.h */ = {isa = PBXFileReference; fileEncoding = 4; lastKnownFileType = sourcecode.c.h; path = FMDatabase.h; sourceTree = "<group>"; };
		19BD626A25A8558C008556BE /* FMDB.h */ = {isa = PBXFileReference; fileEncoding = 4; lastKnownFileType = sourcecode.c.h; path = FMDB.h; sourceTree = "<group>"; };
		19BD626B25A8558D008556BE /* FMResultSet.h */ = {isa = PBXFileReference; fileEncoding = 4; lastKnownFileType = sourcecode.c.h; path = FMResultSet.h; sourceTree = "<group>"; };
		19BD626C25A8558E008556BE /* FMResultSet.m */ = {isa = PBXFileReference; fileEncoding = 4; lastKnownFileType = sourcecode.c.objc; path = FMResultSet.m; sourceTree = "<group>"; };
		19BD627325A855A2008556BE /* DBManager.swift */ = {isa = PBXFileReference; fileEncoding = 4; lastKnownFileType = sourcecode.swift; path = DBManager.swift; sourceTree = "<group>"; };
		19BD627825A85689008556BE /* ExpenseModel.swift */ = {isa = PBXFileReference; lastKnownFileType = sourcecode.swift; path = ExpenseModel.swift; sourceTree = "<group>"; };
		19BD628125A87C2E008556BE /* Constant.swift */ = {isa = PBXFileReference; lastKnownFileType = sourcecode.swift; path = Constant.swift; sourceTree = "<group>"; };
		7B967575ADBE546B887135EC /* Pods_DailyExpense.framework */ = {isa = PBXFileReference; explicitFileType = wrapper.framework; includeInIndex = 0; path = Pods_DailyExpense.framework; sourceTree = BUILT_PRODUCTS_DIR; };
		E303E34EE4321319E66707C2 /* Pods-DailyExpense.debug.xcconfig */ = {isa = PBXFileReference; includeInIndex = 1; lastKnownFileType = text.xcconfig; name = "Pods-DailyExpense.debug.xcconfig"; path = "Target Support Files/Pods-DailyExpense/Pods-DailyExpense.debug.xcconfig"; sourceTree = "<group>"; };
		F4E5E4CCD2DCFB420FB06D61 /* Pods-DailyExpense.release.xcconfig */ = {isa = PBXFileReference; includeInIndex = 1; lastKnownFileType = text.xcconfig; name = "Pods-DailyExpense.release.xcconfig"; path = "Target Support Files/Pods-DailyExpense/Pods-DailyExpense.release.xcconfig"; sourceTree = "<group>"; };
/* End PBXFileReference section */

/* Begin PBXFrameworksBuildPhase section */
		19BD623C25A843A0008556BE /* Frameworks */ = {
			isa = PBXFrameworksBuildPhase;
			buildActionMask = 2147483647;
			files = (
				6EDF35034E9A7CC2D60744D4 /* Pods_DailyExpense.framework in Frameworks */,
			);
			runOnlyForDeploymentPostprocessing = 0;
		};
/* End PBXFrameworksBuildPhase section */

/* Begin PBXGroup section */
		19BD623625A843A0008556BE = {
			isa = PBXGroup;
			children = (
				19BD624125A843A0008556BE /* DailyExpense */,
				19BD624025A843A0008556BE /* Products */,
				69DA11FC1DD40D6D8AA2C259 /* Pods */,
				C2EB27ED5B4002F452457DA3 /* Frameworks */,
			);
			sourceTree = "<group>";
		};
		19BD624025A843A0008556BE /* Products */ = {
			isa = PBXGroup;
			children = (
				19BD623F25A843A0008556BE /* DailyExpense.app */,
			);
			name = Products;
			sourceTree = "<group>";
		};
		19BD624125A843A0008556BE /* DailyExpense */ = {
			isa = PBXGroup;
			children = (
				19BD627F25A87C1C008556BE /* Constant */,
				19BD627725A85671008556BE /* Model */,
				19BD625F25A85573008556BE /* FMDB */,
				19BD627325A855A2008556BE /* DBManager.swift */,
				19BD624225A843A0008556BE /* AppDelegate.swift */,
				19BD624425A843A0008556BE /* SceneDelegate.swift */,
				19BD624625A843A0008556BE /* ExpenseListVC.swift */,
				19BD625C25A84CFB008556BE /* RecordExpenseVC.swift */,
				19BD624825A843A0008556BE /* Main.storyboard */,
				19BD624B25A843A6008556BE /* Assets.xcassets */,
				19BD624D25A843A6008556BE /* LaunchScreen.storyboard */,
				19BD625025A843A6008556BE /* Info.plist */,
			);
			path = DailyExpense;
			sourceTree = "<group>";
		};
		19BD625F25A85573008556BE /* FMDB */ = {
			isa = PBXGroup;
			children = (
				19BD626925A8558C008556BE /* FMDatabase.h */,
				19BD626325A8558B008556BE /* FMDatabase.m */,
				19BD626725A8558C008556BE /* FMDatabaseAdditions.h */,
				19BD626525A8558B008556BE /* FMDatabaseAdditions.m */,
				19BD626125A8558A008556BE /* FMDatabasePool.h */,
				19BD626625A8558B008556BE /* FMDatabasePool.m */,
				19BD626225A8558A008556BE /* FMDatabaseQueue.h */,
				19BD626425A8558B008556BE /* FMDatabaseQueue.m */,
				19BD626A25A8558C008556BE /* FMDB.h */,
				19BD626B25A8558D008556BE /* FMResultSet.h */,
				19BD626C25A8558E008556BE /* FMResultSet.m */,
				19BD626025A85589008556BE /* DailyExpense-Bridging-Header.h */,
			);
			path = FMDB;
			sourceTree = "<group>";
		};
		19BD627725A85671008556BE /* Model */ = {
			isa = PBXGroup;
			children = (
				19BD627825A85689008556BE /* ExpenseModel.swift */,
			);
			path = Model;
			sourceTree = "<group>";
		};
		19BD627F25A87C1C008556BE /* Constant */ = {
			isa = PBXGroup;
			children = (
				19BD628125A87C2E008556BE /* Constant.swift */,
			);
			path = Constant;
			sourceTree = "<group>";
		};
		69DA11FC1DD40D6D8AA2C259 /* Pods */ = {
			isa = PBXGroup;
			children = (
				E303E34EE4321319E66707C2 /* Pods-DailyExpense.debug.xcconfig */,
				F4E5E4CCD2DCFB420FB06D61 /* Pods-DailyExpense.release.xcconfig */,
			);
			path = Pods;
			sourceTree = "<group>";
		};
		C2EB27ED5B4002F452457DA3 /* Frameworks */ = {
			isa = PBXGroup;
			children = (
				7B967575ADBE546B887135EC /* Pods_DailyExpense.framework */,
			);
			name = Frameworks;
			sourceTree = "<group>";
		};
/* End PBXGroup section */

/* Begin PBXNativeTarget section */
		19BD623E25A843A0008556BE /* DailyExpense */ = {
			isa = PBXNativeTarget;
			buildConfigurationList = 19BD625325A843A6008556BE /* Build configuration list for PBXNativeTarget "DailyExpense" */;
			buildPhases = (
				7120C8E9DD9D1898AB84901C /* [CP] Check Pods Manifest.lock */,
				19BD623B25A843A0008556BE /* Sources */,
				19BD623C25A843A0008556BE /* Frameworks */,
				19BD623D25A843A0008556BE /* Resources */,
				1EABEDACA25BAEE830469596 /* [CP] Embed Pods Frameworks */,
			);
			buildRules = (
			);
			dependencies = (
			);
			name = DailyExpense;
			productName = DailyExpense;
			productReference = 19BD623F25A843A0008556BE /* DailyExpense.app */;
			productType = "com.apple.product-type.application";
		};
/* End PBXNativeTarget section */

/* Begin PBXProject section */
		19BD623725A843A0008556BE /* Project object */ = {
			isa = PBXProject;
			attributes = {
				LastSwiftUpdateCheck = 1210;
				LastUpgradeCheck = 1210;
				TargetAttributes = {
					19BD623E25A843A0008556BE = {
						CreatedOnToolsVersion = 12.1;
						LastSwiftMigration = 1210;
					};
				};
			};
			buildConfigurationList = 19BD623A25A843A0008556BE /* Build configuration list for PBXProject "DailyExpense" */;
			compatibilityVersion = "Xcode 9.3";
			developmentRegion = en;
			hasScannedForEncodings = 0;
			knownRegions = (
				en,
				Base,
			);
			mainGroup = 19BD623625A843A0008556BE;
			productRefGroup = 19BD624025A843A0008556BE /* Products */;
			projectDirPath = "";
			projectRoot = "";
			targets = (
				19BD623E25A843A0008556BE /* DailyExpense */,
			);
		};
/* End PBXProject section */

/* Begin PBXResourcesBuildPhase section */
		19BD623D25A843A0008556BE /* Resources */ = {
			isa = PBXResourcesBuildPhase;
			buildActionMask = 2147483647;
			files = (
				19BD624F25A843A6008556BE /* LaunchScreen.storyboard in Resources */,
				19BD624C25A843A6008556BE /* Assets.xcassets in Resources */,
				19BD624A25A843A0008556BE /* Main.storyboard in Resources */,
			);
			runOnlyForDeploymentPostprocessing = 0;
		};
/* End PBXResourcesBuildPhase section */

/* Begin PBXShellScriptBuildPhase section */
		1EABEDACA25BAEE830469596 /* [CP] Embed Pods Frameworks */ = {
			isa = PBXShellScriptBuildPhase;
			buildActionMask = 2147483647;
			files = (
			);
			inputFileListPaths = (
				"${PODS_ROOT}/Target Support Files/Pods-DailyExpense/Pods-DailyExpense-frameworks-${CONFIGURATION}-input-files.xcfilelist",
			);
			name = "[CP] Embed Pods Frameworks";
			outputFileListPaths = (
				"${PODS_ROOT}/Target Support Files/Pods-DailyExpense/Pods-DailyExpense-frameworks-${CONFIGURATION}-output-files.xcfilelist",
			);
			runOnlyForDeploymentPostprocessing = 0;
			shellPath = /bin/sh;
			shellScript = "\"${PODS_ROOT}/Target Support Files/Pods-DailyExpense/Pods-DailyExpense-frameworks.sh\"\n";
			showEnvVarsInLog = 0;
		};
		7120C8E9DD9D1898AB84901C /* [CP] Check Pods Manifest.lock */ = {
			isa = PBXShellScriptBuildPhase;
			buildActionMask = 2147483647;
			files = (
			);
			inputFileListPaths = (
			);
			inputPaths = (
				"${PODS_PODFILE_DIR_PATH}/Podfile.lock",
				"${PODS_ROOT}/Manifest.lock",
			);
			name = "[CP] Check Pods Manifest.lock";
			outputFileListPaths = (
			);
			outputPaths = (
				"$(DERIVED_FILE_DIR)/Pods-DailyExpense-checkManifestLockResult.txt",
			);
			runOnlyForDeploymentPostprocessing = 0;
			shellPath = /bin/sh;
			shellScript = "diff \"${PODS_PODFILE_DIR_PATH}/Podfile.lock\" \"${PODS_ROOT}/Manifest.lock\" > /dev/null\nif [ $? != 0 ] ; then\n    # print error to STDERR\n    echo \"error: The sandbox is not in sync with the Podfile.lock. Run 'pod install' or update your CocoaPods installation.\" >&2\n    exit 1\nfi\n# This output is used by Xcode 'outputs' to avoid re-running this script phase.\necho \"SUCCESS\" > \"${SCRIPT_OUTPUT_FILE_0}\"\n";
			showEnvVarsInLog = 0;
		};
/* End PBXShellScriptBuildPhase section */

/* Begin PBXSourcesBuildPhase section */
		19BD623B25A843A0008556BE /* Sources */ = {
			isa = PBXSourcesBuildPhase;
			buildActionMask = 2147483647;
			files = (
				19BD625D25A84CFB008556BE /* RecordExpenseVC.swift in Sources */,
				19BD624725A843A0008556BE /* ExpenseListVC.swift in Sources */,
				19BD624325A843A0008556BE /* AppDelegate.swift in Sources */,
				19BD626D25A8558E008556BE /* FMDatabase.m in Sources */,
				19BD624525A843A0008556BE /* SceneDelegate.swift in Sources */,
				19BD627425A855A2008556BE /* DBManager.swift in Sources */,
				19BD627025A8558E008556BE /* FMDatabasePool.m in Sources */,
				19BD627125A8558E008556BE /* FMResultSet.m in Sources */,
				19BD627925A85689008556BE /* ExpenseModel.swift in Sources */,
				19BD626F25A8558E008556BE /* FMDatabaseAdditions.m in Sources */,
				19BD626E25A8558E008556BE /* FMDatabaseQueue.m in Sources */,
				19BD628225A87C2E008556BE /* Constant.swift in Sources */,
			);
			runOnlyForDeploymentPostprocessing = 0;
		};
/* End PBXSourcesBuildPhase section */

/* Begin PBXVariantGroup section */
		19BD624825A843A0008556BE /* Main.storyboard */ = {
			isa = PBXVariantGroup;
			children = (
				19BD624925A843A0008556BE /* Base */,
			);
			name = Main.storyboard;
			sourceTree = "<group>";
		};
		19BD624D25A843A6008556BE /* LaunchScreen.storyboard */ = {
			isa = PBXVariantGroup;
			children = (
				19BD624E25A843A6008556BE /* Base */,
			);
			name = LaunchScreen.storyboard;
			sourceTree = "<group>";
		};
/* End PBXVariantGroup section */

/* Begin XCBuildConfiguration section */
		19BD625125A843A6008556BE /* Debug */ = {
			isa = XCBuildConfiguration;
			buildSettings = {
				ALWAYS_SEARCH_USER_PATHS = NO;
				CLANG_ANALYZER_NONNULL = YES;
				CLANG_ANALYZER_NUMBER_OBJECT_CONVERSION = YES_AGGRESSIVE;
				CLANG_CXX_LANGUAGE_STANDARD = "gnu++14";
				CLANG_CXX_LIBRARY = "libc++";
				CLANG_ENABLE_MODULES = YES;
				CLANG_ENABLE_OBJC_ARC = YES;
				CLANG_ENABLE_OBJC_WEAK = YES;
				CLANG_WARN_BLOCK_CAPTURE_AUTORELEASING = YES;
				CLANG_WARN_BOOL_CONVERSION = YES;
				CLANG_WARN_COMMA = YES;
				CLANG_WARN_CONSTANT_CONVERSION = YES;
				CLANG_WARN_DEPRECATED_OBJC_IMPLEMENTATIONS = YES;
				CLANG_WARN_DIRECT_OBJC_ISA_USAGE = YES_ERROR;
				CLANG_WARN_DOCUMENTATION_COMMENTS = YES;
				CLANG_WARN_EMPTY_BODY = YES;
				CLANG_WARN_ENUM_CONVERSION = YES;
				CLANG_WARN_INFINITE_RECURSION = YES;
				CLANG_WARN_INT_CONVERSION = YES;
				CLANG_WARN_NON_LITERAL_NULL_CONVERSION = YES;
				CLANG_WARN_OBJC_IMPLICIT_RETAIN_SELF = YES;
				CLANG_WARN_OBJC_LITERAL_CONVERSION = YES;
				CLANG_WARN_OBJC_ROOT_CLASS = YES_ERROR;
				CLANG_WARN_QUOTED_INCLUDE_IN_FRAMEWORK_HEADER = YES;
				CLANG_WARN_RANGE_LOOP_ANALYSIS = YES;
				CLANG_WARN_STRICT_PROTOTYPES = YES;
				CLANG_WARN_SUSPICIOUS_MOVE = YES;
				CLANG_WARN_UNGUARDED_AVAILABILITY = YES_AGGRESSIVE;
				CLANG_WARN_UNREACHABLE_CODE = YES;
				CLANG_WARN__DUPLICATE_METHOD_MATCH = YES;
				COPY_PHASE_STRIP = NO;
				DEBUG_INFORMATION_FORMAT = dwarf;
				ENABLE_STRICT_OBJC_MSGSEND = YES;
				ENABLE_TESTABILITY = YES;
				GCC_C_LANGUAGE_STANDARD = gnu11;
				GCC_DYNAMIC_NO_PIC = NO;
				GCC_NO_COMMON_BLOCKS = YES;
				GCC_OPTIMIZATION_LEVEL = 0;
				GCC_PREPROCESSOR_DEFINITIONS = (
					"DEBUG=1",
					"$(inherited)",
				);
				GCC_WARN_64_TO_32_BIT_CONVERSION = YES;
				GCC_WARN_ABOUT_RETURN_TYPE = YES_ERROR;
				GCC_WARN_UNDECLARED_SELECTOR = YES;
				GCC_WARN_UNINITIALIZED_AUTOS = YES_AGGRESSIVE;
				GCC_WARN_UNUSED_FUNCTION = YES;
				GCC_WARN_UNUSED_VARIABLE = YES;
				IPHONEOS_DEPLOYMENT_TARGET = 14.1;
				MTL_ENABLE_DEBUG_INFO = INCLUDE_SOURCE;
				MTL_FAST_MATH = YES;
				ONLY_ACTIVE_ARCH = YES;
				SDKROOT = iphoneos;
				SWIFT_ACTIVE_COMPILATION_CONDITIONS = DEBUG;
				SWIFT_OPTIMIZATION_LEVEL = "-Onone";
			};
			name = Debug;
		};
		19BD625225A843A6008556BE /* Release */ = {
			isa = XCBuildConfiguration;
			buildSettings = {
				ALWAYS_SEARCH_USER_PATHS = NO;
				CLANG_ANALYZER_NONNULL = YES;
				CLANG_ANALYZER_NUMBER_OBJECT_CONVERSION = YES_AGGRESSIVE;
				CLANG_CXX_LANGUAGE_STANDARD = "gnu++14";
				CLANG_CXX_LIBRARY = "libc++";
				CLANG_ENABLE_MODULES = YES;
				CLANG_ENABLE_OBJC_ARC = YES;
				CLANG_ENABLE_OBJC_WEAK = YES;
				CLANG_WARN_BLOCK_CAPTURE_AUTORELEASING = YES;
				CLANG_WARN_BOOL_CONVERSION = YES;
				CLANG_WARN_COMMA = YES;
				CLANG_WARN_CONSTANT_CONVERSION = YES;
				CLANG_WARN_DEPRECATED_OBJC_IMPLEMENTATIONS = YES;
				CLANG_WARN_DIRECT_OBJC_ISA_USAGE = YES_ERROR;
				CLANG_WARN_DOCUMENTATION_COMMENTS = YES;
				CLANG_WARN_EMPTY_BODY = YES;
				CLANG_WARN_ENUM_CONVERSION = YES;
				CLANG_WARN_INFINITE_RECURSION = YES;
				CLANG_WARN_INT_CONVERSION = YES;
				CLANG_WARN_NON_LITERAL_NULL_CONVERSION = YES;
				CLANG_WARN_OBJC_IMPLICIT_RETAIN_SELF = YES;
				CLANG_WARN_OBJC_LITERAL_CONVERSION = YES;
				CLANG_WARN_OBJC_ROOT_CLASS = YES_ERROR;
				CLANG_WARN_QUOTED_INCLUDE_IN_FRAMEWORK_HEADER = YES;
				CLANG_WARN_RANGE_LOOP_ANALYSIS = YES;
				CLANG_WARN_STRICT_PROTOTYPES = YES;
				CLANG_WARN_SUSPICIOUS_MOVE = YES;
				CLANG_WARN_UNGUARDED_AVAILABILITY = YES_AGGRESSIVE;
				CLANG_WARN_UNREACHABLE_CODE = YES;
				CLANG_WARN__DUPLICATE_METHOD_MATCH = YES;
				COPY_PHASE_STRIP = NO;
				DEBUG_INFORMATION_FORMAT = "dwarf-with-dsym";
				ENABLE_NS_ASSERTIONS = NO;
				ENABLE_STRICT_OBJC_MSGSEND = YES;
				GCC_C_LANGUAGE_STANDARD = gnu11;
				GCC_NO_COMMON_BLOCKS = YES;
				GCC_WARN_64_TO_32_BIT_CONVERSION = YES;
				GCC_WARN_ABOUT_RETURN_TYPE = YES_ERROR;
				GCC_WARN_UNDECLARED_SELECTOR = YES;
				GCC_WARN_UNINITIALIZED_AUTOS = YES_AGGRESSIVE;
				GCC_WARN_UNUSED_FUNCTION = YES;
				GCC_WARN_UNUSED_VARIABLE = YES;
				IPHONEOS_DEPLOYMENT_TARGET = 14.1;
				MTL_ENABLE_DEBUG_INFO = NO;
				MTL_FAST_MATH = YES;
				SDKROOT = iphoneos;
				SWIFT_COMPILATION_MODE = wholemodule;
				SWIFT_OPTIMIZATION_LEVEL = "-O";
				VALIDATE_PRODUCT = YES;
			};
			name = Release;
		};
		19BD625425A843A6008556BE /* Debug */ = {
			isa = XCBuildConfiguration;
			baseConfigurationReference = E303E34EE4321319E66707C2 /* Pods-DailyExpense.debug.xcconfig */;
			buildSettings = {
				ASSETCATALOG_COMPILER_APPICON_NAME = AppIcon;
				ASSETCATALOG_COMPILER_GLOBAL_ACCENT_COLOR_NAME = AccentColor;
				CLANG_ENABLE_MODULES = YES;
				CODE_SIGN_STYLE = Automatic;
				DEVELOPMENT_TEAM = 9R42844S63;
				INFOPLIST_FILE = DailyExpense/Info.plist;
				LD_RUNPATH_SEARCH_PATHS = (
					"$(inherited)",
					"@executable_path/Frameworks",
				);
				PRODUCT_BUNDLE_IDENTIFIER = com.test.DailyExpense;
				PRODUCT_NAME = "$(TARGET_NAME)";
				SWIFT_OBJC_BRIDGING_HEADER = "DailyExpense/FMDB/DailyExpense-Bridging-Header.h";
				SWIFT_OPTIMIZATION_LEVEL = "-Onone";
				SWIFT_VERSION = 5.0;
				TARGETED_DEVICE_FAMILY = "1,2";
			};
			name = Debug;
		};
		19BD625525A843A6008556BE /* Release */ = {
			isa = XCBuildConfiguration;
			baseConfigurationReference = F4E5E4CCD2DCFB420FB06D61 /* Pods-DailyExpense.release.xcconfig */;
			buildSettings = {
				ASSETCATALOG_COMPILER_APPICON_NAME = AppIcon;
				ASSETCATALOG_COMPILER_GLOBAL_ACCENT_COLOR_NAME = AccentColor;
				CLANG_ENABLE_MODULES = YES;
				CODE_SIGN_STYLE = Automatic;
				DEVELOPMENT_TEAM = 9R42844S63;
				INFOPLIST_FILE = DailyExpense/Info.plist;
				LD_RUNPATH_SEARCH_PATHS = (
					"$(inherited)",
					"@executable_path/Frameworks",
				);
				PRODUCT_BUNDLE_IDENTIFIER = com.test.DailyExpense;
				PRODUCT_NAME = "$(TARGET_NAME)";
				SWIFT_OBJC_BRIDGING_HEADER = "DailyExpense/FMDB/DailyExpense-Bridging-Header.h";
				SWIFT_VERSION = 5.0;
				TARGETED_DEVICE_FAMILY = "1,2";
			};
			name = Release;
		};
/* End XCBuildConfiguration section */

/* Begin XCConfigurationList section */
		19BD623A25A843A0008556BE /* Build configuration list for PBXProject "DailyExpense" */ = {
			isa = XCConfigurationList;
			buildConfigurations = (
				19BD625125A843A6008556BE /* Debug */,
				19BD625225A843A6008556BE /* Release */,
			);
			defaultConfigurationIsVisible = 0;
			defaultConfigurationName = Release;
		};
		19BD625325A843A6008556BE /* Build configuration list for PBXNativeTarget "DailyExpense" */ = {
			isa = XCConfigurationList;
			buildConfigurations = (
				19BD625425A843A6008556BE /* Debug */,
				19BD625525A843A6008556BE /* Release */,
			);
			defaultConfigurationIsVisible = 0;
			defaultConfigurationName = Release;
		};
/* End XCConfigurationList section */
	};
	rootObject = 19BD623725A843A0008556BE /* Project object */;
}
